
Microsoft Visual Studio Solution File, Format Version 12.00
# Visual Studio Version 17
VisualStudioVersion = 17.2.32630.192
MinimumVisualStudioVersion = 10.0.40219.1
Project("{FAE04EC0-301F-11D3-BF4B-00C04F79EFBC}") = "Owner.API", "Owner.API\Owner.API.csproj", "{C004DFC6-AA32-4369-A668-2119827A31BE}"
EndProject
Global
	GlobalSection(SolutionConfigurationPlatforms) = preSolution
		Debug|Any CPU = Debug|Any CPU
		Release|Any CPU = Release|Any CPU
	EndGlobalSection
	GlobalSection(ProjectConfigurationPlatforms) = postSolution
		{C004DFC6-AA32-4369-A668-2119827A31BE}.Debug|Any CPU.ActiveCfg = Debug|Any CPU
		{C004DFC6-AA32-4369-A668-2119827A31BE}.Debug|Any CPU.Build.0 = Debug|Any CPU
		{C004DFC6-AA32-4369-A668-2119827A31BE}.Release|Any CPU.ActiveCfg = Release|Any CPU
		{C004DFC6-AA32-4369-A668-2119827A31BE}.Release|Any CPU.Build.0 = Release|Any CPU
	EndGlobalSection
	GlobalSection(SolutionProperties) = preSolution
		HideSolutionNode = FALSE
	EndGlobalSection
	GlobalSection(ExtensibilityGlobals) = postSolution
		SolutionGuid = {E4CEAC71-4193-4216-8DC6-6994F4FF30C3}
	EndGlobalSection
EndGlobal
